
Microsoft Visual Studio Solution File, Format Version 12.00
# Visual Studio Version 16
VisualStudioVersion = 16.0.31410.357
MinimumVisualStudioVersion = 10.0.40219.1
Project("{9A19103F-16F7-4668-BE54-9A1E7A4F7556}") = "Shopping.Client", "Shopping.Client\Shopping.Client.csproj", "{1E1FA867-7355-4772-B1A9-C17981829C71}"
EndProject
Project("{FAE04EC0-301F-11D3-BF4B-00C04F79EFBC}") = "Shopping.Api", "Shopping.Api\Shopping.Api.csproj", "{D02E2B2C-0DD6-4637-B624-0DFEB2AE4412}"
EndProject
Global
	GlobalSection(SolutionConfigurationPlatforms) = preSolution
		Debug|Any CPU = Debug|Any CPU
		Release|Any CPU = Release|Any CPU
	EndGlobalSection
	GlobalSection(ProjectConfigurationPlatforms) = postSolution
		{1E1FA867-7355-4772-B1A9-C17981829C71}.Debug|Any CPU.ActiveCfg = Debug|Any CPU
		{1E1FA867-7355-4772-B1A9-C17981829C71}.Debug|Any CPU.Build.0 = Debug|Any CPU
		{1E1FA867-7355-4772-B1A9-C17981829C71}.Release|Any CPU.ActiveCfg = Release|Any CPU
		{1E1FA867-7355-4772-B1A9-C17981829C71}.Release|Any CPU.Build.0 = Release|Any CPU
		{D02E2B2C-0DD6-4637-B624-0DFEB2AE4412}.Debug|Any CPU.ActiveCfg = Debug|Any CPU
		{D02E2B2C-0DD6-4637-B624-0DFEB2AE4412}.Debug|Any CPU.Build.0 = Debug|Any CPU
		{D02E2B2C-0DD6-4637-B624-0DFEB2AE4412}.Release|Any CPU.ActiveCfg = Release|Any CPU
		{D02E2B2C-0DD6-4637-B624-0DFEB2AE4412}.Release|Any CPU.Build.0 = Release|Any CPU
	EndGlobalSection
	GlobalSection(SolutionProperties) = preSolution
		HideSolutionNode = FALSE
	EndGlobalSection
	GlobalSection(ExtensibilityGlobals) = postSolution
		SolutionGuid = {8F52A45A-97DA-42AD-AE99-825350EF31A1}
	EndGlobalSection
EndGlobal
